
Microsoft Visual Studio Solution File, Format Version 12.00
# Visual Studio Version 17
VisualStudioVersion = 17.10.35201.131
MinimumVisualStudioVersion = 10.0.40219.1
Project("{2150E333-8FDC-42A3-9474-1A3956D46DE8}") = "src", "src", "{A3398918-64AC-4D6D-BAA5-2C0BAEBA25BA}"
EndProject
Project("{FAE04EC0-301F-11D3-BF4B-00C04F79EFBC}") = "Customers.Api", "src\Customers.Api\Customers.Api.csproj", "{0CCD99D4-B680-4BC3-9925-845CB5E06492}"
EndProject
Project("{FAE04EC0-301F-11D3-BF4B-00C04F79EFBC}") = "FakeApi", "src\FakeApi\FakeApi.csproj", "{7B61EC1D-B8F2-4433-A49E-50DAF70AB8C7}"
EndProject
Project("{2150E333-8FDC-42A3-9474-1A3956D46DE8}") = "tests", "tests", "{6283557A-060C-480B-916F-9F61E546B605}"
EndProject
Project("{FAE04EC0-301F-11D3-BF4B-00C04F79EFBC}") = "Customers.Api.Tests.Integration", "tests\Customers.Api.Tests.Integration\Customers.Api.Tests.Integration.csproj", "{ED83A012-96D4-4C2D-82E9-5D232132E7E2}"
EndProject
Global
	GlobalSection(SolutionConfigurationPlatforms) = preSolution
		Debug|Any CPU = Debug|Any CPU
		Release|Any CPU = Release|Any CPU
	EndGlobalSection
	GlobalSection(ProjectConfigurationPlatforms) = postSolution
		{0CCD99D4-B680-4BC3-9925-845CB5E06492}.Debug|Any CPU.ActiveCfg = Debug|Any CPU
		{0CCD99D4-B680-4BC3-9925-845CB5E06492}.Debug|Any CPU.Build.0 = Debug|Any CPU
		{0CCD99D4-B680-4BC3-9925-845CB5E06492}.Release|Any CPU.ActiveCfg = Release|Any CPU
		{0CCD99D4-B680-4BC3-9925-845CB5E06492}.Release|Any CPU.Build.0 = Release|Any CPU
		{7B61EC1D-B8F2-4433-A49E-50DAF70AB8C7}.Debug|Any CPU.ActiveCfg = Debug|Any CPU
		{7B61EC1D-B8F2-4433-A49E-50DAF70AB8C7}.Debug|Any CPU.Build.0 = Debug|Any CPU
		{7B61EC1D-B8F2-4433-A49E-50DAF70AB8C7}.Release|Any CPU.ActiveCfg = Release|Any CPU
		{7B61EC1D-B8F2-4433-A49E-50DAF70AB8C7}.Release|Any CPU.Build.0 = Release|Any CPU
		{ED83A012-96D4-4C2D-82E9-5D232132E7E2}.Debug|Any CPU.ActiveCfg = Debug|Any CPU
		{ED83A012-96D4-4C2D-82E9-5D232132E7E2}.Debug|Any CPU.Build.0 = Debug|Any CPU
		{ED83A012-96D4-4C2D-82E9-5D232132E7E2}.Release|Any CPU.ActiveCfg = Release|Any CPU
		{ED83A012-96D4-4C2D-82E9-5D232132E7E2}.Release|Any CPU.Build.0 = Release|Any CPU
	EndGlobalSection
	GlobalSection(SolutionProperties) = preSolution
		HideSolutionNode = FALSE
	EndGlobalSection
	GlobalSection(NestedProjects) = preSolution
		{0CCD99D4-B680-4BC3-9925-845CB5E06492} = {A3398918-64AC-4D6D-BAA5-2C0BAEBA25BA}
		{7B61EC1D-B8F2-4433-A49E-50DAF70AB8C7} = {A3398918-64AC-4D6D-BAA5-2C0BAEBA25BA}
		{ED83A012-96D4-4C2D-82E9-5D232132E7E2} = {6283557A-060C-480B-916F-9F61E546B605}
	EndGlobalSection
EndGlobal
