
Microsoft Visual Studio Solution File, Format Version 12.00
# Visual Studio Version 17
VisualStudioVersion = 17.10.35201.131
MinimumVisualStudioVersion = 10.0.40219.1
Project("{2150E333-8FDC-42A3-9474-1A3956D46DE8}") = "6. Real world testing", "6. Real world testing", "{8566CB9C-3D01-48D5-BD91-6B8130A9295C}"
EndProject
Project("{2150E333-8FDC-42A3-9474-1A3956D46DE8}") = "src", "src", "{0CBCB68F-1AD6-433E-9528-6CB0A062C71F}"
EndProject
Project("{2150E333-8FDC-42A3-9474-1A3956D46DE8}") = "tests", "tests", "{E6479780-F63A-4DF7-BDC3-038F448B0388}"
EndProject
Project("{9A19103F-16F7-4668-BE54-9A1E7A4F7556}") = "Customers.Api", "6. Real world testing\src\Customers.Api\Customers.Api.csproj", "{223A7753-0275-4CDC-96DA-4E0A74870A7D}"
EndProject
Project("{9A19103F-16F7-4668-BE54-9A1E7A4F7556}") = "Customers.Api.Tests.Integration", "6. Real world testing\tests\Customers.Api.Tests.Integration\Customers.Api.Tests.Integration.csproj", "{10A4777B-DC60-4FB3-A551-22A4E8CE77FD}"
EndProject
Project("{9A19103F-16F7-4668-BE54-9A1E7A4F7556}") = "FakeApi", "6. Real world testing\src\FakeApi\FakeApi.csproj", "{84390358-0B60-48FD-9B62-D9EB165D8167}"
EndProject
Global
	GlobalSection(SolutionConfigurationPlatforms) = preSolution
		Debug|Any CPU = Debug|Any CPU
		Release|Any CPU = Release|Any CPU
	EndGlobalSection
	GlobalSection(ProjectConfigurationPlatforms) = postSolution
		{223A7753-0275-4CDC-96DA-4E0A74870A7D}.Debug|Any CPU.ActiveCfg = Debug|Any CPU
		{223A7753-0275-4CDC-96DA-4E0A74870A7D}.Debug|Any CPU.Build.0 = Debug|Any CPU
		{223A7753-0275-4CDC-96DA-4E0A74870A7D}.Release|Any CPU.ActiveCfg = Release|Any CPU
		{223A7753-0275-4CDC-96DA-4E0A74870A7D}.Release|Any CPU.Build.0 = Release|Any CPU
		{10A4777B-DC60-4FB3-A551-22A4E8CE77FD}.Debug|Any CPU.ActiveCfg = Debug|Any CPU
		{10A4777B-DC60-4FB3-A551-22A4E8CE77FD}.Debug|Any CPU.Build.0 = Debug|Any CPU
		{10A4777B-DC60-4FB3-A551-22A4E8CE77FD}.Release|Any CPU.ActiveCfg = Release|Any CPU
		{10A4777B-DC60-4FB3-A551-22A4E8CE77FD}.Release|Any CPU.Build.0 = Release|Any CPU
		{84390358-0B60-48FD-9B62-D9EB165D8167}.Debug|Any CPU.ActiveCfg = Debug|Any CPU
		{84390358-0B60-48FD-9B62-D9EB165D8167}.Debug|Any CPU.Build.0 = Debug|Any CPU
		{84390358-0B60-48FD-9B62-D9EB165D8167}.Release|Any CPU.ActiveCfg = Release|Any CPU
		{84390358-0B60-48FD-9B62-D9EB165D8167}.Release|Any CPU.Build.0 = Release|Any CPU
	EndGlobalSection
	GlobalSection(SolutionProperties) = preSolution
		HideSolutionNode = FALSE
	EndGlobalSection
	GlobalSection(NestedProjects) = preSolution
		{0CBCB68F-1AD6-433E-9528-6CB0A062C71F} = {8566CB9C-3D01-48D5-BD91-6B8130A9295C}
		{E6479780-F63A-4DF7-BDC3-038F448B0388} = {8566CB9C-3D01-48D5-BD91-6B8130A9295C}
		{223A7753-0275-4CDC-96DA-4E0A74870A7D} = {0CBCB68F-1AD6-433E-9528-6CB0A062C71F}
		{10A4777B-DC60-4FB3-A551-22A4E8CE77FD} = {E6479780-F63A-4DF7-BDC3-038F448B0388}
		{84390358-0B60-48FD-9B62-D9EB165D8167} = {0CBCB68F-1AD6-433E-9528-6CB0A062C71F}
	EndGlobalSection
EndGlobal
